
Microsoft Visual Studio Solution File, Format Version 12.00
# Visual Studio Version 16
VisualStudioVersion = 16.0.32413.511
MinimumVisualStudioVersion = 10.0.40219.1
Project("{FAE04EC0-301F-11D3-BF4B-00C04F79EFBC}") = "Vstup", "Vstup\Vstup.csproj", "{88541DB8-36F5-44D1-8A25-72DD65C480CC}"
EndProject
Global
	GlobalSection(SolutionConfigurationPlatforms) = preSolution
		Debug|Any CPU = Debug|Any CPU
		Release|Any CPU = Release|Any CPU
	EndGlobalSection
	GlobalSection(ProjectConfigurationPlatforms) = postSolution
		{88541DB8-36F5-44D1-8A25-72DD65C480CC}.Debug|Any CPU.ActiveCfg = Debug|Any CPU
		{88541DB8-36F5-44D1-8A25-72DD65C480CC}.Debug|Any CPU.Build.0 = Debug|Any CPU
		{88541DB8-36F5-44D1-8A25-72DD65C480CC}.Release|Any CPU.ActiveCfg = Release|Any CPU
		{88541DB8-36F5-44D1-8A25-72DD65C480CC}.Release|Any CPU.Build.0 = Release|Any CPU
	EndGlobalSection
	GlobalSection(SolutionProperties) = preSolution
		HideSolutionNode = FALSE
	EndGlobalSection
	GlobalSection(ExtensibilityGlobals) = postSolution
		SolutionGuid = {B214A806-921E-48B2-8E76-5323FA6FC968}
	EndGlobalSection
EndGlobal
